
Microsoft Visual Studio Solution File, Format Version 12.00
# Visual Studio Version 17
VisualStudioVersion = 17.7.34031.279
MinimumVisualStudioVersion = 10.0.40219.1
Project("{FAE04EC0-301F-11D3-BF4B-00C04F79EFBC}") = "sum of number if same numbers triple", "sum of number if same numbers triple.csproj", "{A8E99C52-7C82-44BF-80BB-2DD1E4CE1CA8}"
EndProject
Global
	GlobalSection(SolutionConfigurationPlatforms) = preSolution
		Debug|Any CPU = Debug|Any CPU
		Release|Any CPU = Release|Any CPU
	EndGlobalSection
	GlobalSection(ProjectConfigurationPlatforms) = postSolution
		{A8E99C52-7C82-44BF-80BB-2DD1E4CE1CA8}.Debug|Any CPU.ActiveCfg = Debug|Any CPU
		{A8E99C52-7C82-44BF-80BB-2DD1E4CE1CA8}.Debug|Any CPU.Build.0 = Debug|Any CPU
		{A8E99C52-7C82-44BF-80BB-2DD1E4CE1CA8}.Release|Any CPU.ActiveCfg = Release|Any CPU
		{A8E99C52-7C82-44BF-80BB-2DD1E4CE1CA8}.Release|Any CPU.Build.0 = Release|Any CPU
	EndGlobalSection
	GlobalSection(SolutionProperties) = preSolution
		HideSolutionNode = FALSE
	EndGlobalSection
	GlobalSection(ExtensibilityGlobals) = postSolution
		SolutionGuid = {18995D00-5E1D-4D31-A478-9D2D0D9DD669}
	EndGlobalSection
EndGlobal
